# This file is autogenerated, do not edit; changes may be undone by the next 'dep ensure'.


[[projects]]
  branch = "master"
  name = "github.com/adampointer/go-slackbot"
  packages = ["."]
  revision = "098fc320f1b3ce6e89704c035cca296dbcaf6c6d"

[[projects]]
  name = "github.com/nlopes/slack"
  packages = ["."]
  revision = "c86337c0ef2486a15edd804355d9c73d2f2caed1"
  version = "v0.1.0"

[[projects]]
  branch = "master"
  name = "golang.org/x/net"
  packages = ["context","websocket"]
  revision = "8663ed5da4fd087c3cfb99a996e628b72e2f0948"

[solve-meta]
  analyzer-name = "dep"
  analyzer-version = 1
  inputs-digest = "ff4d84de1d8c7171ee19059341404c894bb0fe74ed2713b47a1c83a6f7900740"
  solver-name = "gps-cdcl"
  solver-version = 1
