# This file is autogenerated, do not edit; changes may be undone by the next 'dep ensure'.


[[projects]]
  branch = "master"
  name = "github.com/adampointer/go-slackbot"
  packages = ["."]
  revision = "098fc320f1b3ce6e89704c035cca296dbcaf6c6d"

[[projects]]
  name = "github.com/nlopes/slack"
  packages = ["."]
  revision = "c86337c0ef2486a15edd804355d9c73d2f2caed1"
  version = "v0.1.0"

[[projects]]
  branch = "master"
  name = "github.com/sirupsen/logrus"
  packages = ["."]
  revision = "00386b3fbd637582f90cb17482dc3087646c0ac2"

[[projects]]
  branch = "master"
  name = "golang.org/x/net"
  packages = ["context","websocket"]
  revision = "ab5485076ff3407ad2d02db054635913f017b0ed"

[[projects]]
  branch = "master"
  name = "golang.org/x/sys"
  packages = ["unix"]
  revision = "c4489faa6e5ab84c0ef40d6ee878f7a030281f0f"

[solve-meta]
  analyzer-name = "dep"
  analyzer-version = 1
  inputs-digest = "bd25e047a85c47848e06d3577104e46c471c197642d37a9a9bf2b738928c3af5"
  solver-name = "gps-cdcl"
  solver-version = 1
